
Microsoft Visual Studio Solution File, Format Version 12.00
# Visual Studio Version 16
VisualStudioVersion = 16.0.30517.126
MinimumVisualStudioVersion = 10.0.40219.1
Project("{FAE04EC0-301F-11D3-BF4B-00C04F79EFBC}") = "Resulz", "src\Resulz\Resulz.csproj", "{11BB9FF0-C80D-454D-9EAD-88BB8DEACB23}"
EndProject
Global
	GlobalSection(SolutionConfigurationPlatforms) = preSolution
		Debug|Any CPU = Debug|Any CPU
		Release|Any CPU = Release|Any CPU
	EndGlobalSection
	GlobalSection(ProjectConfigurationPlatforms) = postSolution
		{11BB9FF0-C80D-454D-9EAD-88BB8DEACB23}.Debug|Any CPU.ActiveCfg = Debug|Any CPU
		{11BB9FF0-C80D-454D-9EAD-88BB8DEACB23}.Debug|Any CPU.Build.0 = Debug|Any CPU
		{11BB9FF0-C80D-454D-9EAD-88BB8DEACB23}.Release|Any CPU.ActiveCfg = Release|Any CPU
		{11BB9FF0-C80D-454D-9EAD-88BB8DEACB23}.Release|Any CPU.Build.0 = Release|Any CPU
	EndGlobalSection
	GlobalSection(SolutionProperties) = preSolution
		HideSolutionNode = FALSE
	EndGlobalSection
	GlobalSection(ExtensibilityGlobals) = postSolution
		SolutionGuid = {BB0D12B4-37E3-4A10-9A8E-870169DAFB87}
	EndGlobalSection
EndGlobal
